
Microsoft Visual Studio Solution File, Format Version 12.00
# Visual Studio Version 17
VisualStudioVersion = 17.9.34723.18
MinimumVisualStudioVersion = 10.0.40219.1
Project("{FAE04EC0-301F-11D3-BF4B-00C04F79EFBC}") = "DummyApiProxy.Host", "DummyApiProxy\DummyApiProxy.Host.csproj", "{75C748CA-A1C6-4D19-A936-483DD9320EAC}"
EndProject
Project("{9A19103F-16F7-4668-BE54-9A1E7A4F7556}") = "Logging.Serilog", "Logging.Serilog\Logging.Serilog.csproj", "{0EE3DF5A-8D57-48CA-A31C-2A62614EF8B9}"
EndProject
Project("{FAE04EC0-301F-11D3-BF4B-00C04F79EFBC}") = "DummyApi.Client", "DummyApi.Client\DummyApi.Client.csproj", "{E0C71E54-62D7-41E0-A069-B373F1F4C4A4}"
EndProject
Project("{FAE04EC0-301F-11D3-BF4B-00C04F79EFBC}") = "DummyApiProxy.Common", "DummyApiProxy.Common\DummyApiProxy.Common.csproj", "{17FF896F-DECB-48CB-80FE-E307DD5EF693}"
EndProject
Project("{54A90642-561A-4BB1-A94E-469ADEE60C69}") = "userlist.frontend", "UserList.FrontEnd\userlist.frontend.esproj", "{A2C3118C-75B9-4222-8EC2-66ABC04EE963}"
EndProject
Project("{2150E333-8FDC-42A3-9474-1A3956D46DE8}") = "Solution Items", "Solution Items", "{FA515821-F391-44BE-8990-1C1B2108035B}"
	ProjectSection(SolutionItems) = preProject
		README.md = README.md
	EndProjectSection
EndProject
Project("{FAE04EC0-301F-11D3-BF4B-00C04F79EFBC}") = "DummyApiProxy.Common.Test", "DummyApiProxy.Common.Test\DummyApiProxy.Common.Test.csproj", "{6B8C3E05-3530-4157-8D3B-3E5D3A99F7A2}"
EndProject
Project("{FAE04EC0-301F-11D3-BF4B-00C04F79EFBC}") = "DummyApi.Client.Test", "DummyApi.Client.Test\DummyApi.Client.Test.csproj", "{A635A192-A86C-48BF-BA2D-397698C87AF0}"
EndProject
Global
	GlobalSection(SolutionConfigurationPlatforms) = preSolution
		Debug|Any CPU = Debug|Any CPU
		Release|Any CPU = Release|Any CPU
	EndGlobalSection
	GlobalSection(ProjectConfigurationPlatforms) = postSolution
		{75C748CA-A1C6-4D19-A936-483DD9320EAC}.Debug|Any CPU.ActiveCfg = Debug|Any CPU
		{75C748CA-A1C6-4D19-A936-483DD9320EAC}.Debug|Any CPU.Build.0 = Debug|Any CPU
		{75C748CA-A1C6-4D19-A936-483DD9320EAC}.Release|Any CPU.ActiveCfg = Release|Any CPU
		{75C748CA-A1C6-4D19-A936-483DD9320EAC}.Release|Any CPU.Build.0 = Release|Any CPU
		{0EE3DF5A-8D57-48CA-A31C-2A62614EF8B9}.Debug|Any CPU.ActiveCfg = Debug|Any CPU
		{0EE3DF5A-8D57-48CA-A31C-2A62614EF8B9}.Debug|Any CPU.Build.0 = Debug|Any CPU
		{0EE3DF5A-8D57-48CA-A31C-2A62614EF8B9}.Release|Any CPU.ActiveCfg = Release|Any CPU
		{0EE3DF5A-8D57-48CA-A31C-2A62614EF8B9}.Release|Any CPU.Build.0 = Release|Any CPU
		{E0C71E54-62D7-41E0-A069-B373F1F4C4A4}.Debug|Any CPU.ActiveCfg = Debug|Any CPU
		{E0C71E54-62D7-41E0-A069-B373F1F4C4A4}.Debug|Any CPU.Build.0 = Debug|Any CPU
		{E0C71E54-62D7-41E0-A069-B373F1F4C4A4}.Release|Any CPU.ActiveCfg = Release|Any CPU
		{E0C71E54-62D7-41E0-A069-B373F1F4C4A4}.Release|Any CPU.Build.0 = Release|Any CPU
		{17FF896F-DECB-48CB-80FE-E307DD5EF693}.Debug|Any CPU.ActiveCfg = Debug|Any CPU
		{17FF896F-DECB-48CB-80FE-E307DD5EF693}.Debug|Any CPU.Build.0 = Debug|Any CPU
		{17FF896F-DECB-48CB-80FE-E307DD5EF693}.Release|Any CPU.ActiveCfg = Release|Any CPU
		{17FF896F-DECB-48CB-80FE-E307DD5EF693}.Release|Any CPU.Build.0 = Release|Any CPU
		{A2C3118C-75B9-4222-8EC2-66ABC04EE963}.Debug|Any CPU.ActiveCfg = Debug|Any CPU
		{A2C3118C-75B9-4222-8EC2-66ABC04EE963}.Debug|Any CPU.Build.0 = Debug|Any CPU
		{A2C3118C-75B9-4222-8EC2-66ABC04EE963}.Debug|Any CPU.Deploy.0 = Debug|Any CPU
		{A2C3118C-75B9-4222-8EC2-66ABC04EE963}.Release|Any CPU.ActiveCfg = Release|Any CPU
		{A2C3118C-75B9-4222-8EC2-66ABC04EE963}.Release|Any CPU.Build.0 = Release|Any CPU
		{A2C3118C-75B9-4222-8EC2-66ABC04EE963}.Release|Any CPU.Deploy.0 = Release|Any CPU
		{6B8C3E05-3530-4157-8D3B-3E5D3A99F7A2}.Debug|Any CPU.ActiveCfg = Debug|Any CPU
		{6B8C3E05-3530-4157-8D3B-3E5D3A99F7A2}.Debug|Any CPU.Build.0 = Debug|Any CPU
		{6B8C3E05-3530-4157-8D3B-3E5D3A99F7A2}.Release|Any CPU.ActiveCfg = Release|Any CPU
		{6B8C3E05-3530-4157-8D3B-3E5D3A99F7A2}.Release|Any CPU.Build.0 = Release|Any CPU
		{A635A192-A86C-48BF-BA2D-397698C87AF0}.Debug|Any CPU.ActiveCfg = Debug|Any CPU
		{A635A192-A86C-48BF-BA2D-397698C87AF0}.Debug|Any CPU.Build.0 = Debug|Any CPU
		{A635A192-A86C-48BF-BA2D-397698C87AF0}.Release|Any CPU.ActiveCfg = Release|Any CPU
		{A635A192-A86C-48BF-BA2D-397698C87AF0}.Release|Any CPU.Build.0 = Release|Any CPU
	EndGlobalSection
	GlobalSection(SolutionProperties) = preSolution
		HideSolutionNode = FALSE
	EndGlobalSection
	GlobalSection(ExtensibilityGlobals) = postSolution
		SolutionGuid = {BC7C31A8-BF9A-4B39-B06F-251D54C80B6A}
	EndGlobalSection
EndGlobal
